PODS:
  - Alamofire (3.4.0)
  - AOTutorial (1.7)
  - APTimeZones (1.1)
  - AWSCore (2.4.3)
  - AWSMobileAnalytics (2.4.3):
    - AWSCore (= 2.4.3)
  - Bolts/Tasks (1.7.0)
  - DeviceKit (0.3.2)
  - EZYGradientView (1.5.1)
  - JGProgressHUD (1.3.2)
  - Parse (1.13.0):
    - Bolts/Tasks (~> 1.6)
  - TPKeyboardAvoiding (1.3)

DEPENDENCIES:
  - Alamofire (~> 3.4)
  - AOTutorial (~> 1.7)
  - APTimeZones (~> 1.1)
  - AWSMobileAnalytics (~> 2.4)
  - DeviceKit (~> 0.3.2)
  - EZYGradientView (from `https://github.com/shashankpali/EZYGradientView`)
  - JGProgressHUD (~> 1.3)
  - Parse
  - TPKeyboardAvoiding (~> 1.3)

EXTERNAL SOURCES:
  EZYGradientView:
    :git: https://github.com/shashankpali/EZYGradientView

CHECKOUT OPTIONS:
  EZYGradientView:
    :commit: b6348aa6d94553ae68744c045a94c01ddd85ba0e
    :git: https://github.com/shashankpali/EZYGradientView

SPEC CHECKSUMS:
  Alamofire: c19a627cefd6a95f840401c49ab1f124e07f54ee
  AOTutorial: 9db913c4f1c51f6e21f08abed8baf257647268df
  APTimeZones: ddb9aca50fff41d6313eb29d86d37b1edf9d2942
  AWSCore: 1b1edbf65f948804c9d522f1c49e29f51f72c6d8
  AWSMobileAnalytics: 0242c2d0206dcf2231dbd0f62e15f0c61675d023
  Bolts: a0058fa3b331c5a1e4402d534f2dae36dbff31e4
  DeviceKit: 79182140c0aa8daaf4f4b3920e0b079f5fa9db79
  EZYGradientView: f13e7a9e774b906c66d617fb04a13c8853ba25b4
  JGProgressHUD: ccac0ead9b771eac0ebcc2b0800efd7f1e1784dc
  Parse: f51c24d2feb412e4b2d6cc73d37cb24e8d0089bc
  TPKeyboardAvoiding: a5138f318c06fb3e151f886e18ce4a72695d9cbe

COCOAPODS: 0.39.0
