// !$*UTF8*$!
{
	archiveVersion = 1;
	classes = {
	};
	objectVersion = 46;
	objects = {

/* Begin PBXBuildFile section */
		4300E8731D0746C300930766 /* HomeViewController.swift in Sources */ = {isa = PBXBuildFile; fileRef = 4300E8721D0746C300930766 /* HomeViewController.swift */; };
		4300E8751D0746F600930766 /* SearchViewController.swift in Sources */ = {isa = PBXBuildFile; fileRef = 4300E8741D0746F600930766 /* SearchViewController.swift */; };
		4300E8771D074F0000930766 /* MorphiiAPI.swift in Sources */ = {isa = PBXBuildFile; fileRef = 4300E8761D074F0000930766 /* MorphiiAPI.swift */; };
		4300E8791D074F5C00930766 /* Morphii.swift in Sources */ = {isa = PBXBuildFile; fileRef = 4300E8781D074F5C00930766 /* Morphii.swift */; };
		4300E87B1D07739100930766 /* MorphiiCollectionViewCell.swift in Sources */ = {isa = PBXBuildFile; fileRef = 4300E87A1D07739100930766 /* MorphiiCollectionViewCell.swift */; };
		4300E87D1D0854C000930766 /* grey_morphii.png in Resources */ = {isa = PBXBuildFile; fileRef = 4300E87C1D0854C000930766 /* grey_morphii.png */; };
		431A75DB1D0870980079F9BD /* OverlayViewController.swift in Sources */ = {isa = PBXBuildFile; fileRef = 431A75DA1D0870980079F9BD /* OverlayViewController.swift */; };
		431A75DD1D0896EE0079F9BD /* MorphiiView.swift in Sources */ = {isa = PBXBuildFile; fileRef = 431A75DC1D0896EE0079F9BD /* MorphiiView.swift */; };
		438162501D00A25E00C5BB5B /* AppDelegate.swift in Sources */ = {isa = PBXBuildFile; fileRef = 4381624F1D00A25E00C5BB5B /* AppDelegate.swift */; };
		438162551D00A25E00C5BB5B /* Main.storyboard in Resources */ = {isa = PBXBuildFile; fileRef = 438162531D00A25E00C5BB5B /* Main.storyboard */; };
		438162581D00A25E00C5BB5B /* Morphii.xcdatamodeld in Sources */ = {isa = PBXBuildFile; fileRef = 438162561D00A25E00C5BB5B /* Morphii.xcdatamodeld */; };
		4381625A1D00A25E00C5BB5B /* Assets.xcassets in Resources */ = {isa = PBXBuildFile; fileRef = 438162591D00A25E00C5BB5B /* Assets.xcassets */; };
		4381625D1D00A25E00C5BB5B /* LaunchScreen.storyboard in Resources */ = {isa = PBXBuildFile; fileRef = 4381625B1D00A25E00C5BB5B /* LaunchScreen.storyboard */; };
		438162681D00A25F00C5BB5B /* MorphiiTests.swift in Sources */ = {isa = PBXBuildFile; fileRef = 438162671D00A25F00C5BB5B /* MorphiiTests.swift */; };
		438162731D00A25F00C5BB5B /* MorphiiUITests.swift in Sources */ = {isa = PBXBuildFile; fileRef = 438162721D00A25F00C5BB5B /* MorphiiUITests.swift */; };
		438162841D00B29400C5BB5B /* README.md in Sources */ = {isa = PBXBuildFile; fileRef = 438162831D00B29400C5BB5B /* README.md */; };
		438162881D00B46800C5BB5B /* Fabric.framework in Frameworks */ = {isa = PBXBuildFile; fileRef = 438162861D00B46800C5BB5B /* Fabric.framework */; };
		438162891D00B46900C5BB5B /* Crashlytics.framework in Frameworks */ = {isa = PBXBuildFile; fileRef = 438162871D00B46800C5BB5B /* Crashlytics.framework */; };
		4398CBB01D05BFE500074BC7 /* MethodHelper.swift in Sources */ = {isa = PBXBuildFile; fileRef = 4398CBAF1D05BFE500074BC7 /* MethodHelper.swift */; };
		4398CBB21D05C06B00074BC7 /* Constants.swift in Sources */ = {isa = PBXBuildFile; fileRef = 4398CBB11D05C06B00074BC7 /* Constants.swift */; };
		4398CBB51D05F1B700074BC7 /* SettingsViewController.swift in Sources */ = {isa = PBXBuildFile; fileRef = 4398CBB41D05F1B700074BC7 /* SettingsViewController.swift */; };
		4398CBB71D05F33F00074BC7 /* SettingsWebViewController.swift in Sources */ = {isa = PBXBuildFile; fileRef = 4398CBB61D05F33F00074BC7 /* SettingsWebViewController.swift */; };
		4398CBBF1D05FDB900074BC7 /* KeyboardViewController.swift in Sources */ = {isa = PBXBuildFile; fileRef = 4398CBBE1D05FDB900074BC7 /* KeyboardViewController.swift */; };
		4398CBC31D05FDB900074BC7 /* Morphii Mobile Keyboard.appex in Embed App Extensions */ = {isa = PBXBuildFile; fileRef = 4398CBBC1D05FDB800074BC7 /* Morphii Mobile Keyboard.appex */; settings = {ATTRIBUTES = (RemoveHeadersOnCopy, ); }; };
		43A9A60F1D0A15D400AB90E4 /* Config.swift in Sources */ = {isa = PBXBuildFile; fileRef = 43A9A60E1D0A15D400AB90E4 /* Config.swift */; };
		E2028270E2024C4DAF5A2E0E /* Pods.framework in Frameworks */ = {isa = PBXBuildFile; fileRef = FBC7A0C4715E6A76731D0AA6 /* Pods.framework */; };
/* End PBXBuildFile section */

/* Begin PBXContainerItemProxy section */
		438162641D00A25F00C5BB5B /* PBXContainerItemProxy */ = {
			isa = PBXContainerItemProxy;
			containerPortal = 438162441D00A25E00C5BB5B /* Project object */;
			proxyType = 1;
			remoteGlobalIDString = 4381624B1D00A25E00C5BB5B;
			remoteInfo = Morphii;
		};
		4381626F1D00A25F00C5BB5B /* PBXContainerItemProxy */ = {
			isa = PBXContainerItemProxy;
			containerPortal = 438162441D00A25E00C5BB5B /* Project object */;
			proxyType = 1;
			remoteGlobalIDString = 4381624B1D00A25E00C5BB5B;
			remoteInfo = Morphii;
		};
		4398CBC11D05FDB900074BC7 /* PBXContainerItemProxy */ = {
			isa = PBXContainerItemProxy;
			containerPortal = 438162441D00A25E00C5BB5B /* Project object */;
			proxyType = 1;
			remoteGlobalIDString = 4398CBBB1D05FDB800074BC7;
			remoteInfo = "Morphii Mobile Keyboard";
		};
/* End PBXContainerItemProxy section */

/* Begin PBXCopyFilesBuildPhase section */
		4398CBC71D05FDB900074BC7 /* Embed App Extensions */ = {
			isa = PBXCopyFilesBuildPhase;
			buildActionMask = 2147483647;
			dstPath = "";
			dstSubfolderSpec = 13;
			files = (
				4398CBC31D05FDB900074BC7 /* Morphii Mobile Keyboard.appex in Embed App Extensions */,
			);
			name = "Embed App Extensions";
			runOnlyForDeploymentPostprocessing = 0;
		};
/* End PBXCopyFilesBuildPhase section */

/* Begin PBXFileReference section */
		4300E8721D0746C300930766 /* HomeViewController.swift */ = {isa = PBXFileReference; fileEncoding = 4; lastKnownFileType = sourcecode.swift; path = HomeViewController.swift; sourceTree = "<group>"; };
		4300E8741D0746F600930766 /* SearchViewController.swift */ = {isa = PBXFileReference; fileEncoding = 4; lastKnownFileType = sourcecode.swift; path = SearchViewController.swift; sourceTree = "<group>"; };
		4300E8761D074F0000930766 /* MorphiiAPI.swift */ = {isa = PBXFileReference; fileEncoding = 4; lastKnownFileType = sourcecode.swift; path = MorphiiAPI.swift; sourceTree = "<group>"; };
		4300E8781D074F5C00930766 /* Morphii.swift */ = {isa = PBXFileReference; fileEncoding = 4; lastKnownFileType = sourcecode.swift; path = Morphii.swift; sourceTree = "<group>"; };
		4300E87A1D07739100930766 /* MorphiiCollectionViewCell.swift */ = {isa = PBXFileReference; fileEncoding = 4; lastKnownFileType = sourcecode.swift; path = MorphiiCollectionViewCell.swift; sourceTree = "<group>"; };
		4300E87C1D0854C000930766 /* grey_morphii.png */ = {isa = PBXFileReference; lastKnownFileType = image.png; path = grey_morphii.png; sourceTree = "<group>"; };
		431A75DA1D0870980079F9BD /* OverlayViewController.swift */ = {isa = PBXFileReference; fileEncoding = 4; lastKnownFileType = sourcecode.swift; path = OverlayViewController.swift; sourceTree = "<group>"; };
		431A75DC1D0896EE0079F9BD /* MorphiiView.swift */ = {isa = PBXFileReference; fileEncoding = 4; lastKnownFileType = sourcecode.swift; path = MorphiiView.swift; sourceTree = "<group>"; };
		4381624C1D00A25E00C5BB5B /* Morphii.app */ = {isa = PBXFileReference; explicitFileType = wrapper.application; includeInIndex = 0; path = Morphii.app; sourceTree = BUILT_PRODUCTS_DIR; };
		4381624F1D00A25E00C5BB5B /* AppDelegate.swift */ = {isa = PBXFileReference; lastKnownFileType = sourcecode.swift; path = AppDelegate.swift; sourceTree = "<group>"; };
		438162541D00A25E00C5BB5B /* Base */ = {isa = PBXFileReference; lastKnownFileType = file.storyboard; name = Base; path = Base.lproj/Main.storyboard; sourceTree = "<group>"; };
		438162571D00A25E00C5BB5B /* Morphii.xcdatamodel */ = {isa = PBXFileReference; lastKnownFileType = wrapper.xcdatamodel; path = Morphii.xcdatamodel; sourceTree = "<group>"; };
		438162591D00A25E00C5BB5B /* Assets.xcassets */ = {isa = PBXFileReference; lastKnownFileType = folder.assetcatalog; path = Assets.xcassets; sourceTree = "<group>"; };
		4381625C1D00A25E00C5BB5B /* Base */ = {isa = PBXFileReference; lastKnownFileType = file.storyboard; name = Base; path = Base.lproj/LaunchScreen.storyboard; sourceTree = "<group>"; };
		4381625E1D00A25E00C5BB5B /* Info.plist */ = {isa = PBXFileReference; lastKnownFileType = text.plist.xml; path = Info.plist; sourceTree = "<group>"; };
		438162631D00A25F00C5BB5B /* MorphiiTests.xctest */ = {isa = PBXFileReference; explicitFileType = wrapper.cfbundle; includeInIndex = 0; path = MorphiiTests.xctest; sourceTree = BUILT_PRODUCTS_DIR; };
		438162671D00A25F00C5BB5B /* MorphiiTests.swift */ = {isa = PBXFileReference; lastKnownFileType = sourcecode.swift; path = MorphiiTests.swift; sourceTree = "<group>"; };
		438162691D00A25F00C5BB5B /* Info.plist */ = {isa = PBXFileReference; lastKnownFileType = text.plist.xml; path = Info.plist; sourceTree = "<group>"; };
		4381626E1D00A25F00C5BB5B /* MorphiiUITests.xctest */ = {isa = PBXFileReference; explicitFileType = wrapper.cfbundle; includeInIndex = 0; path = MorphiiUITests.xctest; sourceTree = BUILT_PRODUCTS_DIR; };
		438162721D00A25F00C5BB5B /* MorphiiUITests.swift */ = {isa = PBXFileReference; lastKnownFileType = sourcecode.swift; path = MorphiiUITests.swift; sourceTree = "<group>"; };
		438162741D00A25F00C5BB5B /* Info.plist */ = {isa = PBXFileReference; lastKnownFileType = text.plist.xml; path = Info.plist; sourceTree = "<group>"; };
		438162831D00B29400C5BB5B /* README.md */ = {isa = PBXFileReference; fileEncoding = 4; lastKnownFileType = net.daringfireball.markdown; path = README.md; sourceTree = "<group>"; };
		438162861D00B46800C5BB5B /* Fabric.framework */ = {isa = PBXFileReference; lastKnownFileType = wrapper.framework; path = Fabric.framework; sourceTree = "<group>"; };
		438162871D00B46800C5BB5B /* Crashlytics.framework */ = {isa = PBXFileReference; lastKnownFileType = wrapper.framework; path = Crashlytics.framework; sourceTree = "<group>"; };
		4398CBAF1D05BFE500074BC7 /* MethodHelper.swift */ = {isa = PBXFileReference; fileEncoding = 4; lastKnownFileType = sourcecode.swift; path = MethodHelper.swift; sourceTree = "<group>"; };
		4398CBB11D05C06B00074BC7 /* Constants.swift */ = {isa = PBXFileReference; fileEncoding = 4; lastKnownFileType = sourcecode.swift; path = Constants.swift; sourceTree = "<group>"; };
		4398CBB41D05F1B700074BC7 /* SettingsViewController.swift */ = {isa = PBXFileReference; fileEncoding = 4; lastKnownFileType = sourcecode.swift; path = SettingsViewController.swift; sourceTree = "<group>"; };
		4398CBB61D05F33F00074BC7 /* SettingsWebViewController.swift */ = {isa = PBXFileReference; fileEncoding = 4; lastKnownFileType = sourcecode.swift; path = SettingsWebViewController.swift; sourceTree = "<group>"; };
		4398CBBC1D05FDB800074BC7 /* Morphii Mobile Keyboard.appex */ = {isa = PBXFileReference; explicitFileType = "wrapper.app-extension"; includeInIndex = 0; path = "Morphii Mobile Keyboard.appex"; sourceTree = BUILT_PRODUCTS_DIR; };
		4398CBBE1D05FDB900074BC7 /* KeyboardViewController.swift */ = {isa = PBXFileReference; lastKnownFileType = sourcecode.swift; path = KeyboardViewController.swift; sourceTree = "<group>"; };
		4398CBC01D05FDB900074BC7 /* Info.plist */ = {isa = PBXFileReference; lastKnownFileType = text.plist.xml; path = Info.plist; sourceTree = "<group>"; };
		43A9A60E1D0A15D400AB90E4 /* Config.swift */ = {isa = PBXFileReference; fileEncoding = 4; lastKnownFileType = sourcecode.swift; path = Config.swift; sourceTree = "<group>"; };
		712DD6D41A4401561A531F12 /* Pods.release.xcconfig */ = {isa = PBXFileReference; includeInIndex = 1; lastKnownFileType = text.xcconfig; name = Pods.release.xcconfig; path = "Pods/Target Support Files/Pods/Pods.release.xcconfig"; sourceTree = "<group>"; };
		8A37285CB4FA1A3FD4D5BDF3 /* Pods.debug.xcconfig */ = {isa = PBXFileReference; includeInIndex = 1; lastKnownFileType = text.xcconfig; name = Pods.debug.xcconfig; path = "Pods/Target Support Files/Pods/Pods.debug.xcconfig"; sourceTree = "<group>"; };
		FBC7A0C4715E6A76731D0AA6 /* Pods.framework */ = {isa = PBXFileReference; explicitFileType = wrapper.framework; includeInIndex = 0; path = Pods.framework; sourceTree = BUILT_PRODUCTS_DIR; };
/* End PBXFileReference section */

/* Begin PBXFrameworksBuildPhase section */
		438162491D00A25E00C5BB5B /* Frameworks */ = {
			isa = PBXFrameworksBuildPhase;
			buildActionMask = 2147483647;
			files = (
				E2028270E2024C4DAF5A2E0E /* Pods.framework in Frameworks */,
				438162891D00B46900C5BB5B /* Crashlytics.framework in Frameworks */,
				438162881D00B46800C5BB5B /* Fabric.framework in Frameworks */,
			);
			runOnlyForDeploymentPostprocessing = 0;
		};
		438162601D00A25F00C5BB5B /* Frameworks */ = {
			isa = PBXFrameworksBuildPhase;
			buildActionMask = 2147483647;
			files = (
			);
			runOnlyForDeploymentPostprocessing = 0;
		};
		4381626B1D00A25F00C5BB5B /* Frameworks */ = {
			isa = PBXFrameworksBuildPhase;
			buildActionMask = 2147483647;
			files = (
			);
			runOnlyForDeploymentPostprocessing = 0;
		};
		4398CBB91D05FDB800074BC7 /* Frameworks */ = {
			isa = PBXFrameworksBuildPhase;
			buildActionMask = 2147483647;
			files = (
			);
			runOnlyForDeploymentPostprocessing = 0;
		};
/* End PBXFrameworksBuildPhase section */

/* Begin PBXGroup section */
		1E28AE6B8133FE77F7FC132B /* Frameworks */ = {
			isa = PBXGroup;
			children = (
				438162861D00B46800C5BB5B /* Fabric.framework */,
				438162871D00B46800C5BB5B /* Crashlytics.framework */,
				FBC7A0C4715E6A76731D0AA6 /* Pods.framework */,
			);
			name = Frameworks;
			sourceTree = "<group>";
		};
		438162431D00A25E00C5BB5B = {
			isa = PBXGroup;
			children = (
				438162831D00B29400C5BB5B /* README.md */,
				4381624E1D00A25E00C5BB5B /* Morphii */,
				438162661D00A25F00C5BB5B /* MorphiiTests */,
				438162711D00A25F00C5BB5B /* MorphiiUITests */,
				4398CBBD1D05FDB900074BC7 /* Morphii Mobile Keyboard */,
				4381624D1D00A25E00C5BB5B /* Products */,
				657271EE37B5787F608F6C5B /* Pods */,
				1E28AE6B8133FE77F7FC132B /* Frameworks */,
			);
			sourceTree = "<group>";
		};
		4381624D1D00A25E00C5BB5B /* Products */ = {
			isa = PBXGroup;
			children = (
				4381624C1D00A25E00C5BB5B /* Morphii.app */,
				438162631D00A25F00C5BB5B /* MorphiiTests.xctest */,
				4381626E1D00A25F00C5BB5B /* MorphiiUITests.xctest */,
				4398CBBC1D05FDB800074BC7 /* Morphii Mobile Keyboard.appex */,
			);
			name = Products;
			sourceTree = "<group>";
		};
		4381624E1D00A25E00C5BB5B /* Morphii */ = {
			isa = PBXGroup;
			children = (
				4300E87C1D0854C000930766 /* grey_morphii.png */,
				4398CBAC1D05BF7000074BC7 /* Initialization */,
				4398CBAE1D05BF8100074BC7 /* View Controllers */,
				4398CBAD1D05BF7A00074BC7 /* Core Data */,
				4300E8761D074F0000930766 /* MorphiiAPI.swift */,
				4300E8781D074F5C00930766 /* Morphii.swift */,
				4300E87A1D07739100930766 /* MorphiiCollectionViewCell.swift */,
				431A75DC1D0896EE0079F9BD /* MorphiiView.swift */,
				43A9A60E1D0A15D400AB90E4 /* Config.swift */,
			);
			path = Morphii;
			sourceTree = "<group>";
		};
		438162661D00A25F00C5BB5B /* MorphiiTests */ = {
			isa = PBXGroup;
			children = (
				438162671D00A25F00C5BB5B /* MorphiiTests.swift */,
				438162691D00A25F00C5BB5B /* Info.plist */,
			);
			path = MorphiiTests;
			sourceTree = "<group>";
		};
		438162711D00A25F00C5BB5B /* MorphiiUITests */ = {
			isa = PBXGroup;
			children = (
				438162721D00A25F00C5BB5B /* MorphiiUITests.swift */,
				438162741D00A25F00C5BB5B /* Info.plist */,
			);
			path = MorphiiUITests;
			sourceTree = "<group>";
		};
		4398CBAC1D05BF7000074BC7 /* Initialization */ = {
			isa = PBXGroup;
			children = (
				4381624F1D00A25E00C5BB5B /* AppDelegate.swift */,
				438162531D00A25E00C5BB5B /* Main.storyboard */,
				438162591D00A25E00C5BB5B /* Assets.xcassets */,
				4381625B1D00A25E00C5BB5B /* LaunchScreen.storyboard */,
				4381625E1D00A25E00C5BB5B /* Info.plist */,
				4398CBAF1D05BFE500074BC7 /* MethodHelper.swift */,
				4398CBB11D05C06B00074BC7 /* Constants.swift */,
			);
			name = Initialization;
			sourceTree = "<group>";
		};
		4398CBAD1D05BF7A00074BC7 /* Core Data */ = {
			isa = PBXGroup;
			children = (
				438162561D00A25E00C5BB5B /* Morphii.xcdatamodeld */,
			);
			name = "Core Data";
			sourceTree = "<group>";
		};
		4398CBAE1D05BF8100074BC7 /* View Controllers */ = {
			isa = PBXGroup;
			children = (
				4398CBB41D05F1B700074BC7 /* SettingsViewController.swift */,
				4398CBB61D05F33F00074BC7 /* SettingsWebViewController.swift */,
				4300E8721D0746C300930766 /* HomeViewController.swift */,
				4300E8741D0746F600930766 /* SearchViewController.swift */,
				431A75DA1D0870980079F9BD /* OverlayViewController.swift */,
			);
			name = "View Controllers";
			sourceTree = "<group>";
		};
		4398CBBD1D05FDB900074BC7 /* Morphii Mobile Keyboard */ = {
			isa = PBXGroup;
			children = (
				4398CBBE1D05FDB900074BC7 /* KeyboardViewController.swift */,
				4398CBC01D05FDB900074BC7 /* Info.plist */,
			);
			path = "Morphii Mobile Keyboard";
			sourceTree = "<group>";
		};
		657271EE37B5787F608F6C5B /* Pods */ = {
			isa = PBXGroup;
			children = (
				8A37285CB4FA1A3FD4D5BDF3 /* Pods.debug.xcconfig */,
				712DD6D41A4401561A531F12 /* Pods.release.xcconfig */,
			);
			name = Pods;
			sourceTree = "<group>";
		};
/* End PBXGroup section */

/* Begin PBXNativeTarget section */
		4381624B1D00A25E00C5BB5B /* Morphii */ = {
			isa = PBXNativeTarget;
			buildConfigurationList = 438162771D00A25F00C5BB5B /* Build configuration list for PBXNativeTarget "Morphii" */;
			buildPhases = (
				0F013EDF572051F05B350AAA /* Check Pods Manifest.lock */,
				438162481D00A25E00C5BB5B /* Sources */,
				438162491D00A25E00C5BB5B /* Frameworks */,
				4381624A1D00A25E00C5BB5B /* Resources */,
				7E5CBC4F84A1FF804826857E /* Embed Pods Frameworks */,
				DA237CC8D97E13D2B35B07ED /* Copy Pods Resources */,
				438162851D00B3EF00C5BB5B /* ShellScript */,
				4398CBC71D05FDB900074BC7 /* Embed App Extensions */,
			);
			buildRules = (
			);
			dependencies = (
				4398CBC21D05FDB900074BC7 /* PBXTargetDependency */,
			);
			name = Morphii;
			productName = Morphii;
			productReference = 4381624C1D00A25E00C5BB5B /* Morphii.app */;
			productType = "com.apple.product-type.application";
		};
		438162621D00A25F00C5BB5B /* MorphiiTests */ = {
			isa = PBXNativeTarget;
			buildConfigurationList = 4381627A1D00A25F00C5BB5B /* Build configuration list for PBXNativeTarget "MorphiiTests" */;
			buildPhases = (
				4381625F1D00A25F00C5BB5B /* Sources */,
				438162601D00A25F00C5BB5B /* Frameworks */,
				438162611D00A25F00C5BB5B /* Resources */,
			);
			buildRules = (
			);
			dependencies = (
				438162651D00A25F00C5BB5B /* PBXTargetDependency */,
			);
			name = MorphiiTests;
			productName = MorphiiTests;
			productReference = 438162631D00A25F00C5BB5B /* MorphiiTests.xctest */;
			productType = "com.apple.product-type.bundle.unit-test";
		};
		4381626D1D00A25F00C5BB5B /* MorphiiUITests */ = {
			isa = PBXNativeTarget;
			buildConfigurationList = 4381627D1D00A25F00C5BB5B /* Build configuration list for PBXNativeTarget "MorphiiUITests" */;
			buildPhases = (
				4381626A1D00A25F00C5BB5B /* Sources */,
				4381626B1D00A25F00C5BB5B /* Frameworks */,
				4381626C1D00A25F00C5BB5B /* Resources */,
			);
			buildRules = (
			);
			dependencies = (
				438162701D00A25F00C5BB5B /* PBXTargetDependency */,
			);
			name = MorphiiUITests;
			productName = MorphiiUITests;
			productReference = 4381626E1D00A25F00C5BB5B /* MorphiiUITests.xctest */;
			productType = "com.apple.product-type.bundle.ui-testing";
		};
		4398CBBB1D05FDB800074BC7 /* Morphii Mobile Keyboard */ = {
			isa = PBXNativeTarget;
			buildConfigurationList = 4398CBC41D05FDB900074BC7 /* Build configuration list for PBXNativeTarget "Morphii Mobile Keyboard" */;
			buildPhases = (
				4398CBB81D05FDB800074BC7 /* Sources */,
				4398CBB91D05FDB800074BC7 /* Frameworks */,
				4398CBBA1D05FDB800074BC7 /* Resources */,
			);
			buildRules = (
			);
			dependencies = (
			);
			name = "Morphii Mobile Keyboard";
			productName = "Morphii Mobile Keyboard";
			productReference = 4398CBBC1D05FDB800074BC7 /* Morphii Mobile Keyboard.appex */;
			productType = "com.apple.product-type.app-extension";
		};
/* End PBXNativeTarget section */

/* Begin PBXProject section */
		438162441D00A25E00C5BB5B /* Project object */ = {
			isa = PBXProject;
			attributes = {
				LastSwiftUpdateCheck = 0730;
				LastUpgradeCheck = 0730;
				ORGANIZATIONNAME = "netGALAXY Studios";
				TargetAttributes = {
					4381624B1D00A25E00C5BB5B = {
						CreatedOnToolsVersion = 7.3.1;
					};
					438162621D00A25F00C5BB5B = {
						CreatedOnToolsVersion = 7.3.1;
						TestTargetID = 4381624B1D00A25E00C5BB5B;
					};
					4381626D1D00A25F00C5BB5B = {
						CreatedOnToolsVersion = 7.3.1;
						TestTargetID = 4381624B1D00A25E00C5BB5B;
					};
					4398CBBB1D05FDB800074BC7 = {
						CreatedOnToolsVersion = 7.3.1;
					};
				};
			};
			buildConfigurationList = 438162471D00A25E00C5BB5B /* Build configuration list for PBXProject "Morphii" */;
			compatibilityVersion = "Xcode 3.2";
			developmentRegion = English;
			hasScannedForEncodings = 0;
			knownRegions = (
				en,
				Base,
			);
			mainGroup = 438162431D00A25E00C5BB5B;
			productRefGroup = 4381624D1D00A25E00C5BB5B /* Products */;
			projectDirPath = "";
			projectRoot = "";
			targets = (
				4381624B1D00A25E00C5BB5B /* Morphii */,
				438162621D00A25F00C5BB5B /* MorphiiTests */,
				4381626D1D00A25F00C5BB5B /* MorphiiUITests */,
				4398CBBB1D05FDB800074BC7 /* Morphii Mobile Keyboard */,
			);
		};
/* End PBXProject section */

/* Begin PBXResourcesBuildPhase section */
		4381624A1D00A25E00C5BB5B /* Resources */ = {
			isa = PBXResourcesBuildPhase;
			buildActionMask = 2147483647;
			files = (
				4381625D1D00A25E00C5BB5B /* LaunchScreen.storyboard in Resources */,
				4300E87D1D0854C000930766 /* grey_morphii.png in Resources */,
				4381625A1D00A25E00C5BB5B /* Assets.xcassets in Resources */,
				438162551D00A25E00C5BB5B /* Main.storyboard in Resources */,
			);
			runOnlyForDeploymentPostprocessing = 0;
		};
		438162611D00A25F00C5BB5B /* Resources */ = {
			isa = PBXResourcesBuildPhase;
			buildActionMask = 2147483647;
			files = (
			);
			runOnlyForDeploymentPostprocessing = 0;
		};
		4381626C1D00A25F00C5BB5B /* Resources */ = {
			isa = PBXResourcesBuildPhase;
			buildActionMask = 2147483647;
			files = (
			);
			runOnlyForDeploymentPostprocessing = 0;
		};
		4398CBBA1D05FDB800074BC7 /* Resources */ = {
			isa = PBXResourcesBuildPhase;
			buildActionMask = 2147483647;
			files = (
			);
			runOnlyForDeploymentPostprocessing = 0;
		};
/* End PBXResourcesBuildPhase section */

/* Begin PBXShellScriptBuildPhase section */
		0F013EDF572051F05B350AAA /* Check Pods Manifest.lock */ = {
			isa = PBXShellScriptBuildPhase;
			buildActionMask = 2147483647;
			files = (
			);
			inputPaths = (
			);
			name = "Check Pods Manifest.lock";
			outputPaths = (
			);
			runOnlyForDeploymentPostprocessing = 0;
			shellPath = /bin/sh;
			shellScript = "diff \"${PODS_ROOT}/../Podfile.lock\" \"${PODS_ROOT}/Manifest.lock\" > /dev/null\nif [[ $? != 0 ]] ; then\n    cat << EOM\nerror: The sandbox is not in sync with the Podfile.lock. Run 'pod install' or update your CocoaPods installation.\nEOM\n    exit 1\nfi\n";
			showEnvVarsInLog = 0;
		};
		438162851D00B3EF00C5BB5B /* ShellScript */ = {
			isa = PBXShellScriptBuildPhase;
			buildActionMask = 2147483647;
			files = (
			);
			inputPaths = (
			);
			outputPaths = (
			);
			runOnlyForDeploymentPostprocessing = 0;
			shellPath = /bin/sh;
			shellScript = "./Fabric.framework/run 41b3ac5c5379fdb6e73d65a11b15f9ff75fb422c 9089586a809ffe509b0a62a4665c66f1d5d2c05d97dbfd8eace397292a0b9a14";
		};
		7E5CBC4F84A1FF804826857E /* Embed Pods Frameworks */ = {
			isa = PBXShellScriptBuildPhase;
			buildActionMask = 2147483647;
			files = (
			);
			inputPaths = (
			);
			name = "Embed Pods Frameworks";
			outputPaths = (
			);
			runOnlyForDeploymentPostprocessing = 0;
			shellPath = /bin/sh;
			shellScript = "\"${SRCROOT}/Pods/Target Support Files/Pods/Pods-frameworks.sh\"\n";
			showEnvVarsInLog = 0;
		};
		DA237CC8D97E13D2B35B07ED /* Copy Pods Resources */ = {
			isa = PBXShellScriptBuildPhase;
			buildActionMask = 2147483647;
			files = (
			);
			inputPaths = (
			);
			name = "Copy Pods Resources";
			outputPaths = (
			);
			runOnlyForDeploymentPostprocessing = 0;
			shellPath = /bin/sh;
			shellScript = "\"${SRCROOT}/Pods/Target Support Files/Pods/Pods-resources.sh\"\n";
			showEnvVarsInLog = 0;
		};
/* End PBXShellScriptBuildPhase section */

/* Begin PBXSourcesBuildPhase section */
		438162481D00A25E00C5BB5B /* Sources */ = {
			isa = PBXSourcesBuildPhase;
			buildActionMask = 2147483647;
			files = (
				4398CBB71D05F33F00074BC7 /* SettingsWebViewController.swift in Sources */,
				4398CBB01D05BFE500074BC7 /* MethodHelper.swift in Sources */,
				43A9A60F1D0A15D400AB90E4 /* Config.swift in Sources */,
				438162501D00A25E00C5BB5B /* AppDelegate.swift in Sources */,
				4300E8751D0746F600930766 /* SearchViewController.swift in Sources */,
				4300E8731D0746C300930766 /* HomeViewController.swift in Sources */,
				438162841D00B29400C5BB5B /* README.md in Sources */,
				438162581D00A25E00C5BB5B /* Morphii.xcdatamodeld in Sources */,
				4300E8791D074F5C00930766 /* Morphii.swift in Sources */,
				4300E8771D074F0000930766 /* MorphiiAPI.swift in Sources */,
				431A75DD1D0896EE0079F9BD /* MorphiiView.swift in Sources */,
				431A75DB1D0870980079F9BD /* OverlayViewController.swift in Sources */,
				4300E87B1D07739100930766 /* MorphiiCollectionViewCell.swift in Sources */,
				4398CBB21D05C06B00074BC7 /* Constants.swift in Sources */,
				4398CBB51D05F1B700074BC7 /* SettingsViewController.swift in Sources */,
			);
			runOnlyForDeploymentPostprocessing = 0;
		};
		4381625F1D00A25F00C5BB5B /* Sources */ = {
			isa = PBXSourcesBuildPhase;
			buildActionMask = 2147483647;
			files = (
				438162681D00A25F00C5BB5B /* MorphiiTests.swift in Sources */,
			);
			runOnlyForDeploymentPostprocessing = 0;
		};
		4381626A1D00A25F00C5BB5B /* Sources */ = {
			isa = PBXSourcesBuildPhase;
			buildActionMask = 2147483647;
			files = (
				438162731D00A25F00C5BB5B /* MorphiiUITests.swift in Sources */,
			);
			runOnlyForDeploymentPostprocessing = 0;
		};
		4398CBB81D05FDB800074BC7 /* Sources */ = {
			isa = PBXSourcesBuildPhase;
			buildActionMask = 2147483647;
			files = (
				4398CBBF1D05FDB900074BC7 /* KeyboardViewController.swift in Sources */,
			);
			runOnlyForDeploymentPostprocessing = 0;
		};
/* End PBXSourcesBuildPhase section */

/* Begin PBXTargetDependency section */
		438162651D00A25F00C5BB5B /* PBXTargetDependency */ = {
			isa = PBXTargetDependency;
			target = 4381624B1D00A25E00C5BB5B /* Morphii */;
			targetProxy = 438162641D00A25F00C5BB5B /* PBXContainerItemProxy */;
		};
		438162701D00A25F00C5BB5B /* PBXTargetDependency */ = {
			isa = PBXTargetDependency;
			target = 4381624B1D00A25E00C5BB5B /* Morphii */;
			targetProxy = 4381626F1D00A25F00C5BB5B /* PBXContainerItemProxy */;
		};
		4398CBC21D05FDB900074BC7 /* PBXTargetDependency */ = {
			isa = PBXTargetDependency;
			target = 4398CBBB1D05FDB800074BC7 /* Morphii Mobile Keyboard */;
			targetProxy = 4398CBC11D05FDB900074BC7 /* PBXContainerItemProxy */;
		};
/* End PBXTargetDependency section */

/* Begin PBXVariantGroup section */
		438162531D00A25E00C5BB5B /* Main.storyboard */ = {
			isa = PBXVariantGroup;
			children = (
				438162541D00A25E00C5BB5B /* Base */,
			);
			name = Main.storyboard;
			sourceTree = "<group>";
		};
		4381625B1D00A25E00C5BB5B /* LaunchScreen.storyboard */ = {
			isa = PBXVariantGroup;
			children = (
				4381625C1D00A25E00C5BB5B /* Base */,
			);
			name = LaunchScreen.storyboard;
			sourceTree = "<group>";
		};
/* End PBXVariantGroup section */

/* Begin XCBuildConfiguration section */
		438162751D00A25F00C5BB5B /* Debug */ = {
			isa = XCBuildConfiguration;
			buildSettings = {
				ALWAYS_SEARCH_USER_PATHS = NO;
				CLANG_ANALYZER_NONNULL = YES;
				CLANG_CXX_LANGUAGE_STANDARD = "gnu++0x";
				CLANG_CXX_LIBRARY = "libc++";
				CLANG_ENABLE_MODULES = YES;
				CLANG_ENABLE_OBJC_ARC = YES;
				CLANG_WARN_BOOL_CONVERSION = YES;
				CLANG_WARN_CONSTANT_CONVERSION = YES;
				CLANG_WARN_DIRECT_OBJC_ISA_USAGE = YES_ERROR;
				CLANG_WARN_EMPTY_BODY = YES;
				CLANG_WARN_ENUM_CONVERSION = YES;
				CLANG_WARN_INT_CONVERSION = YES;
				CLANG_WARN_OBJC_ROOT_CLASS = YES_ERROR;
				CLANG_WARN_UNREACHABLE_CODE = YES;
				CLANG_WARN__DUPLICATE_METHOD_MATCH = YES;
				"CODE_SIGN_IDENTITY[sdk=iphoneos*]" = "iPhone Developer";
				COPY_PHASE_STRIP = NO;
				DEBUG_INFORMATION_FORMAT = dwarf;
				ENABLE_STRICT_OBJC_MSGSEND = YES;
				ENABLE_TESTABILITY = YES;
				GCC_C_LANGUAGE_STANDARD = gnu99;
				GCC_DYNAMIC_NO_PIC = NO;
				GCC_NO_COMMON_BLOCKS = YES;
				GCC_OPTIMIZATION_LEVEL = 0;
				GCC_PREPROCESSOR_DEFINITIONS = (
					"DEBUG=1",
					"$(inherited)",
				);
				GCC_WARN_64_TO_32_BIT_CONVERSION = YES;
				GCC_WARN_ABOUT_RETURN_TYPE = YES_ERROR;
				GCC_WARN_UNDECLARED_SELECTOR = YES;
				GCC_WARN_UNINITIALIZED_AUTOS = YES_AGGRESSIVE;
				GCC_WARN_UNUSED_FUNCTION = YES;
				GCC_WARN_UNUSED_VARIABLE = YES;
				IPHONEOS_DEPLOYMENT_TARGET = 9.3;
				MTL_ENABLE_DEBUG_INFO = YES;
				ONLY_ACTIVE_ARCH = YES;
				SDKROOT = iphoneos;
				SWIFT_OPTIMIZATION_LEVEL = "-Onone";
				TARGETED_DEVICE_FAMILY = "1,2";
			};
			name = Debug;
		};
		438162761D00A25F00C5BB5B /* Release */ = {
			isa = XCBuildConfiguration;
			buildSettings = {
				ALWAYS_SEARCH_USER_PATHS = NO;
				CLANG_ANALYZER_NONNULL = YES;
				CLANG_CXX_LANGUAGE_STANDARD = "gnu++0x";
				CLANG_CXX_LIBRARY = "libc++";
				CLANG_ENABLE_MODULES = YES;
				CLANG_ENABLE_OBJC_ARC = YES;
				CLANG_WARN_BOOL_CONVERSION = YES;
				CLANG_WARN_CONSTANT_CONVERSION = YES;
				CLANG_WARN_DIRECT_OBJC_ISA_USAGE = YES_ERROR;
				CLANG_WARN_EMPTY_BODY = YES;
				CLANG_WARN_ENUM_CONVERSION = YES;
				CLANG_WARN_INT_CONVERSION = YES;
				CLANG_WARN_OBJC_ROOT_CLASS = YES_ERROR;
				CLANG_WARN_UNREACHABLE_CODE = YES;
				CLANG_WARN__DUPLICATE_METHOD_MATCH = YES;
				"CODE_SIGN_IDENTITY[sdk=iphoneos*]" = "iPhone Developer";
				COPY_PHASE_STRIP = NO;
				DEBUG_INFORMATION_FORMAT = "dwarf-with-dsym";
				ENABLE_NS_ASSERTIONS = NO;
				ENABLE_STRICT_OBJC_MSGSEND = YES;
				GCC_C_LANGUAGE_STANDARD = gnu99;
				GCC_NO_COMMON_BLOCKS = YES;
				GCC_WARN_64_TO_32_BIT_CONVERSION = YES;
				GCC_WARN_ABOUT_RETURN_TYPE = YES_ERROR;
				GCC_WARN_UNDECLARED_SELECTOR = YES;
				GCC_WARN_UNINITIALIZED_AUTOS = YES_AGGRESSIVE;
				GCC_WARN_UNUSED_FUNCTION = YES;
				GCC_WARN_UNUSED_VARIABLE = YES;
				IPHONEOS_DEPLOYMENT_TARGET = 9.3;
				MTL_ENABLE_DEBUG_INFO = NO;
				SDKROOT = iphoneos;
				TARGETED_DEVICE_FAMILY = "1,2";
				VALIDATE_PRODUCT = YES;
			};
			name = Release;
		};
		438162781D00A25F00C5BB5B /* Debug */ = {
			isa = XCBuildConfiguration;
			baseConfigurationReference = 8A37285CB4FA1A3FD4D5BDF3 /* Pods.debug.xcconfig */;
			buildSettings = {
				ASSETCATALOG_COMPILER_APPICON_NAME = AppIcon;
				EMBEDDED_CONTENT_CONTAINS_SWIFT = YES;
				FRAMEWORK_SEARCH_PATHS = (
					"$(inherited)",
					"$(PROJECT_DIR)",
				);
				INFOPLIST_FILE = Morphii/Info.plist;
				LD_RUNPATH_SEARCH_PATHS = "$(inherited) @executable_path/Frameworks";
				PRODUCT_BUNDLE_IDENTIFIER = com.netgalaxystudios.Morphii;
				PRODUCT_NAME = "$(TARGET_NAME)";
			};
			name = Debug;
		};
		438162791D00A25F00C5BB5B /* Release */ = {
			isa = XCBuildConfiguration;
			baseConfigurationReference = 712DD6D41A4401561A531F12 /* Pods.release.xcconfig */;
			buildSettings = {
				ASSETCATALOG_COMPILER_APPICON_NAME = AppIcon;
				EMBEDDED_CONTENT_CONTAINS_SWIFT = YES;
				FRAMEWORK_SEARCH_PATHS = (
					"$(inherited)",
					"$(PROJECT_DIR)",
				);
				INFOPLIST_FILE = Morphii/Info.plist;
				LD_RUNPATH_SEARCH_PATHS = "$(inherited) @executable_path/Frameworks";
				PRODUCT_BUNDLE_IDENTIFIER = com.netgalaxystudios.Morphii;
				PRODUCT_NAME = "$(TARGET_NAME)";
			};
			name = Release;
		};
		4381627B1D00A25F00C5BB5B /* Debug */ = {
			isa = XCBuildConfiguration;
			buildSettings = {
				BUNDLE_LOADER = "$(TEST_HOST)";
				INFOPLIST_FILE = MorphiiTests/Info.plist;
				LD_RUNPATH_SEARCH_PATHS = "$(inherited) @executable_path/Frameworks @loader_path/Frameworks";
				PRODUCT_BUNDLE_IDENTIFIER = com.netgalaxystudios.MorphiiTests;
				PRODUCT_NAME = "$(TARGET_NAME)";
				TEST_HOST = "$(BUILT_PRODUCTS_DIR)/Morphii.app/Morphii";
			};
			name = Debug;
		};
		4381627C1D00A25F00C5BB5B /* Release */ = {
			isa = XCBuildConfiguration;
			buildSettings = {
				BUNDLE_LOADER = "$(TEST_HOST)";
				INFOPLIST_FILE = MorphiiTests/Info.plist;
				LD_RUNPATH_SEARCH_PATHS = "$(inherited) @executable_path/Frameworks @loader_path/Frameworks";
				PRODUCT_BUNDLE_IDENTIFIER = com.netgalaxystudios.MorphiiTests;
				PRODUCT_NAME = "$(TARGET_NAME)";
				TEST_HOST = "$(BUILT_PRODUCTS_DIR)/Morphii.app/Morphii";
			};
			name = Release;
		};
		4381627E1D00A25F00C5BB5B /* Debug */ = {
			isa = XCBuildConfiguration;
			buildSettings = {
				INFOPLIST_FILE = MorphiiUITests/Info.plist;
				LD_RUNPATH_SEARCH_PATHS = "$(inherited) @executable_path/Frameworks @loader_path/Frameworks";
				PRODUCT_BUNDLE_IDENTIFIER = com.netgalaxystudios.MorphiiUITests;
				PRODUCT_NAME = "$(TARGET_NAME)";
				TEST_TARGET_NAME = Morphii;
			};
			name = Debug;
		};
		4381627F1D00A25F00C5BB5B /* Release */ = {
			isa = XCBuildConfiguration;
			buildSettings = {
				INFOPLIST_FILE = MorphiiUITests/Info.plist;
				LD_RUNPATH_SEARCH_PATHS = "$(inherited) @executable_path/Frameworks @loader_path/Frameworks";
				PRODUCT_BUNDLE_IDENTIFIER = com.netgalaxystudios.MorphiiUITests;
				PRODUCT_NAME = "$(TARGET_NAME)";
				TEST_TARGET_NAME = Morphii;
			};
			name = Release;
		};
		4398CBC51D05FDB900074BC7 /* Debug */ = {
			isa = XCBuildConfiguration;
			buildSettings = {
				INFOPLIST_FILE = "Morphii Mobile Keyboard/Info.plist";
				LD_RUNPATH_SEARCH_PATHS = "$(inherited) @executable_path/Frameworks @executable_path/../../Frameworks";
				PRODUCT_BUNDLE_IDENTIFIER = "com.netgalaxystudios.Morphii.Morphii-Mobile-Keyboard";
				PRODUCT_NAME = "$(TARGET_NAME)";
				SKIP_INSTALL = YES;
			};
			name = Debug;
		};
		4398CBC61D05FDB900074BC7 /* Release */ = {
			isa = XCBuildConfiguration;
			buildSettings = {
				INFOPLIST_FILE = "Morphii Mobile Keyboard/Info.plist";
				LD_RUNPATH_SEARCH_PATHS = "$(inherited) @executable_path/Frameworks @executable_path/../../Frameworks";
				PRODUCT_BUNDLE_IDENTIFIER = "com.netgalaxystudios.Morphii.Morphii-Mobile-Keyboard";
				PRODUCT_NAME = "$(TARGET_NAME)";
				SKIP_INSTALL = YES;
			};
			name = Release;
		};
/* End XCBuildConfiguration section */

/* Begin XCConfigurationList section */
		438162471D00A25E00C5BB5B /* Build configuration list for PBXProject "Morphii" */ = {
			isa = XCConfigurationList;
			buildConfigurations = (
				438162751D00A25F00C5BB5B /* Debug */,
				438162761D00A25F00C5BB5B /* Release */,
			);
			defaultConfigurationIsVisible = 0;
			defaultConfigurationName = Release;
		};
		438162771D00A25F00C5BB5B /* Build configuration list for PBXNativeTarget "Morphii" */ = {
			isa = XCConfigurationList;
			buildConfigurations = (
				438162781D00A25F00C5BB5B /* Debug */,
				438162791D00A25F00C5BB5B /* Release */,
			);
			defaultConfigurationIsVisible = 0;
			defaultConfigurationName = Release;
		};
		4381627A1D00A25F00C5BB5B /* Build configuration list for PBXNativeTarget "MorphiiTests" */ = {
			isa = XCConfigurationList;
			buildConfigurations = (
				4381627B1D00A25F00C5BB5B /* Debug */,
				4381627C1D00A25F00C5BB5B /* Release */,
			);
			defaultConfigurationIsVisible = 0;
			defaultConfigurationName = Release;
		};
		4381627D1D00A25F00C5BB5B /* Build configuration list for PBXNativeTarget "MorphiiUITests" */ = {
			isa = XCConfigurationList;
			buildConfigurations = (
				4381627E1D00A25F00C5BB5B /* Debug */,
				4381627F1D00A25F00C5BB5B /* Release */,
			);
			defaultConfigurationIsVisible = 0;
			defaultConfigurationName = Release;
		};
		4398CBC41D05FDB900074BC7 /* Build configuration list for PBXNativeTarget "Morphii Mobile Keyboard" */ = {
			isa = XCConfigurationList;
			buildConfigurations = (
				4398CBC51D05FDB900074BC7 /* Debug */,
				4398CBC61D05FDB900074BC7 /* Release */,
			);
			defaultConfigurationIsVisible = 0;
			defaultConfigurationName = Release;
		};
/* End XCConfigurationList section */

/* Begin XCVersionGroup section */
		438162561D00A25E00C5BB5B /* Morphii.xcdatamodeld */ = {
			isa = XCVersionGroup;
			children = (
				438162571D00A25E00C5BB5B /* Morphii.xcdatamodel */,
			);
			currentVersion = 438162571D00A25E00C5BB5B /* Morphii.xcdatamodel */;
			path = Morphii.xcdatamodeld;
			sourceTree = "<group>";
			versionGroupType = wrapper.xcdatamodel;
		};
/* End XCVersionGroup section */
	};
	rootObject = 438162441D00A25E00C5BB5B /* Project object */;
}
